
Microsoft Visual Studio Solution File, Format Version 10.00
# Visual Studio 2008
# SharpDevelop 3.0.0.3800
Project("{FAE04EC0-301F-11D3-BF4B-00C04F79EFBC}") = "UTS_FORM", "UTS_FORM\UTS_FORM.csproj", "{2F9D9564-7FF1-4105-9FB7-5F74723E0359}"
EndProject
Global
	GlobalSection(SolutionConfigurationPlatforms) = preSolution
		Debug|Any CPU = Debug|Any CPU
		Release|Any CPU = Release|Any CPU
	EndGlobalSection
	GlobalSection(ProjectConfigurationPlatforms) = postSolution
		{2F9D9564-7FF1-4105-9FB7-5F74723E0359}.Debug|Any CPU.Build.0 = Debug|Any CPU
		{2F9D9564-7FF1-4105-9FB7-5F74723E0359}.Debug|Any CPU.ActiveCfg = Debug|Any CPU
		{2F9D9564-7FF1-4105-9FB7-5F74723E0359}.Release|Any CPU.Build.0 = Release|Any CPU
		{2F9D9564-7FF1-4105-9FB7-5F74723E0359}.Release|Any CPU.ActiveCfg = Release|Any CPU
	EndGlobalSection
EndGlobal
